version: 6
environments:
  default:
    channels:
    - url: https://conda.anaconda.org/conda-forge/
    options:
      pypi-prerelease-mode: if-necessary-or-explicit
    packages:
      win-64:
      - conda: https://conda.anaconda.org/conda-forge/win-64/_openmp_mutex-4.5-20_gnu.conda
      - conda: https://conda.anaconda.org/conda-forge/noarch/_r-mutex-1.0.1-anacondar_1.tar.bz2
      - conda: https://conda.anaconda.org/conda-forge/win-64/binutils_impl_win-64-2.45.1-default_ha84baeb_102.conda
      - conda: https://conda.anaconda.org/conda-forge/win-64/bwidget-1.10.1-h57928b3_1.conda
      - conda: https://conda.anaconda.org/conda-forge/win-64/bzip2-1.0.8-h0ad9c76_9.conda
      - conda: https://conda.anaconda.org/conda-forge/noarch/ca-certificates-2026.5.20-h4c7d964_0.conda
      - conda: https://conda.anaconda.org/conda-forge/win-64/cairo-1.18.4-h477c42c_1.conda
      - conda: https://conda.anaconda.org/conda-forge/win-64/curl-8.20.0-h8206538_0.conda
      - conda: https://conda.anaconda.org/conda-forge/noarch/font-ttf-dejavu-sans-mono-2.37-hab24e00_0.tar.bz2
      - conda: https://conda.anaconda.org/conda-forge/noarch/font-ttf-inconsolata-3.000-h77eed37_0.tar.bz2
      - conda: https://conda.anaconda.org/conda-forge/noarch/font-ttf-source-code-pro-2.038-h77eed37_0.tar.bz2
      - conda: https://conda.anaconda.org/conda-forge/noarch/font-ttf-ubuntu-0.83-h77eed37_3.conda
      - conda: https://conda.anaconda.org/conda-forge/win-64/fontconfig-2.18.1-hd47e2ca_0.conda
      - conda: https://conda.anaconda.org/conda-forge/noarch/fonts-conda-ecosystem-1-0.tar.bz2
      - conda: https://conda.anaconda.org/conda-forge/noarch/fonts-conda-forge-1-hc364b38_1.conda
      - conda: https://conda.anaconda.org/conda-forge/win-64/gcc_impl_win-64-15.2.0-h062b9a2_19.conda
      - conda: https://conda.anaconda.org/conda-forge/win-64/gfortran_impl_win-64-15.2.0-h0e079bb_19.conda
      - conda: https://conda.anaconda.org/conda-forge/win-64/gsl-2.7-hdfb1a43_0.tar.bz2
      - conda: https://conda.anaconda.org/conda-forge/win-64/gxx_impl_win-64-15.2.0-h22fd5bf_19.conda
      - conda: https://conda.anaconda.org/conda-forge/win-64/icu-78.3-h637d24d_0.conda
      - conda: https://conda.anaconda.org/conda-forge/win-64/krb5-1.22.2-h0ea6238_0.conda
      - conda: https://conda.anaconda.org/conda-forge/win-64/ld_impl_win-64-2.45.1-default_hfd38196_102.conda
      - conda: https://conda.anaconda.org/conda-forge/win-64/lerc-4.1.0-hd936e49_0.conda
      - conda: https://conda.anaconda.org/conda-forge/win-64/libblas-3.11.0-8_h8455456_mkl.conda
      - conda: https://conda.anaconda.org/conda-forge/win-64/libcblas-3.11.0-8_h2a3cdd5_mkl.conda
      - conda: https://conda.anaconda.org/conda-forge/win-64/libcurl-8.20.0-h8206538_0.conda
      - conda: https://conda.anaconda.org/conda-forge/win-64/libdeflate-1.25-h51727cc_0.conda
      - conda: https://conda.anaconda.org/conda-forge/win-64/libexpat-2.8.1-hac47afa_1.conda
      - conda: https://conda.anaconda.org/conda-forge/win-64/libffi-3.5.2-h3d046cb_0.conda
      - conda: https://conda.anaconda.org/conda-forge/win-64/libfreetype-2.14.3-h57928b3_1.conda
      - conda: https://conda.anaconda.org/conda-forge/win-64/libfreetype6-2.14.3-hdbac1cb_1.conda
      - conda: https://conda.anaconda.org/conda-forge/win-64/libgcc-15.2.0-h8ee18e1_19.conda
      - conda: https://conda.anaconda.org/conda-forge/noarch/libgcc-devel_win-64-15.2.0-hbb59886_119.conda
      - conda: https://conda.anaconda.org/conda-forge/win-64/libgfortran-15.2.0-h719f0c7_19.conda
      - conda: https://conda.anaconda.org/conda-forge/win-64/libgfortran5-15.2.0-h44d81a7_19.conda
      - conda: https://conda.anaconda.org/conda-forge/win-64/libglib-2.88.1-h7ce1215_2.conda
      - conda: https://conda.anaconda.org/conda-forge/win-64/libgomp-15.2.0-h8ee18e1_19.conda
      - conda: https://conda.anaconda.org/conda-forge/win-64/libhwloc-2.13.0-default_h049141e_1000.conda
      - conda: https://conda.anaconda.org/conda-forge/win-64/libiconv-1.18-hc1393d2_2.conda
      - conda: https://conda.anaconda.org/conda-forge/win-64/libintl-0.22.5-h5728263_3.conda
      - conda: https://conda.anaconda.org/conda-forge/win-64/libjpeg-turbo-3.1.4.1-hfd05255_0.conda
      - conda: https://conda.anaconda.org/conda-forge/win-64/liblapack-3.11.0-8_hf9ab0e9_mkl.conda
      - conda: https://conda.anaconda.org/conda-forge/win-64/liblzma-5.8.3-hfd05255_0.conda
      - conda: https://conda.anaconda.org/conda-forge/win-64/libpng-1.6.58-h7351971_0.conda
      - conda: https://conda.anaconda.org/conda-forge/win-64/libssh2-1.11.1-h9aa295b_0.conda
      - conda: https://conda.anaconda.org/conda-forge/win-64/libstdcxx-15.2.0-hae5796f_19.conda
      - conda: https://conda.anaconda.org/conda-forge/noarch/libstdcxx-devel_win-64-15.2.0-h0a72980_119.conda
      - conda: https://conda.anaconda.org/conda-forge/win-64/libtiff-4.7.1-h8f73337_1.conda
      - conda: https://conda.anaconda.org/conda-forge/win-64/libwinpthread-12.0.0.r4.gg4f2fc60ca-h57928b3_10.conda
      - conda: https://conda.anaconda.org/conda-forge/win-64/libxml2-16-2.15.3-h3cfd58e_0.conda
      - conda: https://conda.anaconda.org/conda-forge/win-64/libxml2-2.15.3-h8ef44ab_0.conda
      - conda: https://conda.anaconda.org/conda-forge/win-64/libzlib-1.3.2-hfd05255_2.conda
      - conda: https://conda.anaconda.org/conda-forge/win-64/llvm-openmp-22.1.7-h4fa8253_0.conda
      - conda: https://conda.anaconda.org/conda-forge/win-64/m2-conda-epoch-20250515-0_x86_64.conda
      - conda: https://conda.anaconda.org/conda-forge/noarch/m2w64-sysroot_win-64-12.0.0.r4.gg4f2fc60ca-hd8ed1ab_10.conda
      - conda: https://conda.anaconda.org/conda-forge/noarch/mingw-w64-ucrt-x86_64-crt-git-12.0.0.r4.gg4f2fc60ca-hd8ed1ab_10.conda
      - conda: https://conda.anaconda.org/conda-forge/noarch/mingw-w64-ucrt-x86_64-headers-git-12.0.0.r4.gg4f2fc60ca-hd8ed1ab_10.conda
      - conda: https://conda.anaconda.org/conda-forge/noarch/mingw-w64-ucrt-x86_64-windows-default-manifest-6.4-he206cdd_7.conda
      - conda: https://conda.anaconda.org/conda-forge/noarch/mingw-w64-ucrt-x86_64-winpthreads-git-12.0.0.r4.gg4f2fc60ca-hd8ed1ab_10.conda
      - conda: https://conda.anaconda.org/conda-forge/win-64/mkl-2026.0.0-hac47afa_908.conda
      - conda: https://conda.anaconda.org/conda-forge/win-64/onemkl-license-2026.0.0-h57928b3_908.conda
      - conda: https://conda.anaconda.org/conda-forge/win-64/openssl-3.6.3-hf411b9b_0.conda
      - conda: https://conda.anaconda.org/conda-forge/win-64/pcre2-10.47-hd2b5f0e_0.conda
      - conda: https://conda.anaconda.org/conda-forge/win-64/pixman-0.46.4-h5112557_1.conda
      - conda: https://conda.anaconda.org/conda-forge/win-64/r-base-4.6.0-h91b09f7_1.conda
      - conda: https://conda.anaconda.org/conda-forge/win-64/tbb-2023.0.0-hd3d4ead_2.conda
      - conda: https://conda.anaconda.org/conda-forge/win-64/tk-8.6.13-h6ed50ae_3.conda
      - conda: https://conda.anaconda.org/conda-forge/win-64/tktable-2.10-h2df95b8_8.conda
      - conda: https://conda.anaconda.org/conda-forge/noarch/tzdata-2025c-hc9c84f9_1.conda
      - conda: https://conda.anaconda.org/conda-forge/win-64/ucrt-10.0.26100.0-h57928b3_0.conda
      - conda: https://conda.anaconda.org/conda-forge/win-64/vc-14.5-h1b7c187_39.conda
      - conda: https://conda.anaconda.org/conda-forge/win-64/vc14_runtime-14.51.36231-h1b9f54f_39.conda
      - conda: https://conda.anaconda.org/conda-forge/win-64/vcomp14-14.51.36231-h1b9f54f_39.conda
      - conda: https://conda.anaconda.org/conda-forge/win-64/vs2015_runtime-14.51.36231-h84cd919_39.conda
      - conda: https://conda.anaconda.org/conda-forge/win-64/zstd-1.5.7-h534d264_6.conda
packages:
- conda: https://conda.anaconda.org/conda-forge/win-64/_openmp_mutex-4.5-20_gnu.conda
  build_number: 20
  sha256: 8a1cee28bd0ee7451ada1cd50b64720e57e17ff994fc62dd8329bef570d382e4
  md5: 1626967b574d1784b578b52eaeb071e7
  depends:
  - libgomp >=7.5.0
  - libwinpthread >=12.0.0.r4.gg4f2fc60ca
  constrains:
  - openmp_impl <0.0a0
  - msys2-conda-epoch <0.0a0
  license: BSD-3-Clause
  license_family: BSD
  size: 52252
  timestamp: 1770943776666
- conda: https://conda.anaconda.org/conda-forge/noarch/_r-mutex-1.0.1-anacondar_1.tar.bz2
  sha256: e58f9eeb416b92b550e824bcb1b9fb1958dee69abfe3089dfd1a9173e3a0528a
  md5: 19f9db5f4f1b7f5ef5f6d67207f25f38
  license: BSD
  size: 3566
  timestamp: 1562343890778
- conda: https://conda.anaconda.org/conda-forge/win-64/binutils_impl_win-64-2.45.1-default_ha84baeb_102.conda
  sha256: 9123bf592bca01e226eeaf7ad70853a54eaae30d7585be5751eed2d6624bc39a
  md5: 74d89550a0a593e67a32fd1d2509a85a
  depends:
  - ld_impl_win-64 2.45.1 default_hfd38196_102
  - m2w64-sysroot_win-64 >=12.0.0.r0
  - zstd >=1.5.7,<1.6.0a0
  license: GPL-3.0-only
  license_family: GPL
  size: 6121562
  timestamp: 1774198074938
- conda: https://conda.anaconda.org/conda-forge/win-64/bwidget-1.10.1-h57928b3_1.conda
  sha256: 539b9df7e02288e0a978f59616abe87c973debc1d65fee3caab3586c0d961547
  md5: f99aeb077e200ba813e2096d56efb4ae
  depends:
  - tk
  license: TCL
  size: 126266
  timestamp: 1750261570600
- conda: https://conda.anaconda.org/conda-forge/win-64/bzip2-1.0.8-h0ad9c76_9.conda
  sha256: 76dfb71df5e8d1c4eded2dbb5ba15bb8fb2e2b0fe42d94145d5eed4c75c35902
  md5: 4cb8e6b48f67de0b018719cdf1136306
  depends:
  - ucrt >=10.0.20348.0
  - vc >=14.3,<15
  - vc14_runtime >=14.44.35208
  license: bzip2-1.0.6
  license_family: BSD
  size: 56115
  timestamp: 1771350256444
- conda: https://conda.anaconda.org/conda-forge/noarch/ca-certificates-2026.5.20-h4c7d964_0.conda
  sha256: 86981d764e4ea1883409d30447ff9da46127426d31a63df08315aaded768e652
  md5: c9b86eece2f944541b86441c94117ab3
  depends:
  - __win
  license: ISC
  size: 130182
  timestamp: 1779289939595
- conda: https://conda.anaconda.org/conda-forge/win-64/cairo-1.18.4-h477c42c_1.conda
  sha256: 9ee4ad706c5d3e1c6c469785d60e3c2b263eec569be0eac7be33fbaef978bccc
  md5: 52ea1beba35b69852d210242dd20f97d
  depends:
  - fontconfig >=2.15.0,<3.0a0
  - fonts-conda-ecosystem
  - icu >=78.1,<79.0a0
  - libexpat >=2.7.3,<3.0a0
  - libfreetype >=2.14.1
  - libfreetype6 >=2.14.1
  - libglib >=2.86.3,<3.0a0
  - libpng >=1.6.53,<1.7.0a0
  - libzlib >=1.3.1,<2.0a0
  - pixman >=0.46.4,<1.0a0
  - ucrt >=10.0.20348.0
  - vc >=14.3,<15
  - vc14_runtime >=14.44.35208
  license: LGPL-2.1-only or MPL-1.1
  size: 1537783
  timestamp: 1766416059188
- conda: https://conda.anaconda.org/conda-forge/win-64/curl-8.20.0-h8206538_0.conda
  sha256: 4d14e99627c35eb13261d930f6f58c4a295cbbdc90ec2e624a3cb13822078018
  md5: fdee2c425c3876a2fb3ba8a361e7ad2c
  depends:
  - krb5 >=1.22.2,<1.23.0a0
  - libcurl 8.20.0 h8206538_0
  - libssh2 >=1.11.1,<2.0a0
  - libzlib >=1.3.2,<2.0a0
  - ucrt >=10.0.20348.0
  - vc >=14.3,<15
  - vc14_runtime >=14.44.35208
  license: curl
  license_family: MIT
  size: 186081
  timestamp: 1777461642598
- conda: https://conda.anaconda.org/conda-forge/noarch/font-ttf-dejavu-sans-mono-2.37-hab24e00_0.tar.bz2
  sha256: 58d7f40d2940dd0a8aa28651239adbf5613254df0f75789919c4e6762054403b
  md5: 0c96522c6bdaed4b1566d11387caaf45
  license: BSD-3-Clause
  license_family: BSD
  size: 397370
  timestamp: 1566932522327
- conda: https://conda.anaconda.org/conda-forge/noarch/font-ttf-inconsolata-3.000-h77eed37_0.tar.bz2
  sha256: c52a29fdac682c20d252facc50f01e7c2e7ceac52aa9817aaf0bb83f7559ec5c
  md5: 34893075a5c9e55cdafac56607368fc6
  license: OFL-1.1
  license_family: Other
  size: 96530
  timestamp: 1620479909603
- conda: https://conda.anaconda.org/conda-forge/noarch/font-ttf-source-code-pro-2.038-h77eed37_0.tar.bz2
  sha256: 00925c8c055a2275614b4d983e1df637245e19058d79fc7dd1a93b8d9fb4b139
  md5: 4d59c254e01d9cde7957100457e2d5fb
  license: OFL-1.1
  license_family: Other
  size: 700814
  timestamp: 1620479612257
- conda: https://conda.anaconda.org/conda-forge/noarch/font-ttf-ubuntu-0.83-h77eed37_3.conda
  sha256: 2821ec1dc454bd8b9a31d0ed22a7ce22422c0aef163c59f49dfdf915d0f0ca14
  md5: 49023d73832ef61042f6a237cb2687e7
  license: LicenseRef-Ubuntu-Font-Licence-Version-1.0
  license_family: Other
  size: 1620504
  timestamp: 1727511233259
- conda: https://conda.anaconda.org/conda-forge/win-64/fontconfig-2.18.1-hd47e2ca_0.conda
  sha256: 9217184c4a8e82101b0e512b059ae3ff67e3913133b9031edad89ab5341284e4
  md5: abd79bad98c99c1a116154d6de74ea89
  depends:
  - libexpat >=2.8.1,<3.0a0
  - libfreetype >=2.14.3
  - libfreetype6 >=2.14.3
  - libiconv >=1.18,<2.0a0
  - libintl >=0.22.5,<1.0a0
  - libzlib >=1.3.2,<2.0a0
  - ucrt >=10.0.20348.0
  - vc >=14.3,<15
  - vc14_runtime >=14.44.35208
  license: MIT
  license_family: MIT
  size: 202630
  timestamp: 1780450217840
- conda: https://conda.anaconda.org/conda-forge/noarch/fonts-conda-ecosystem-1-0.tar.bz2
  sha256: a997f2f1921bb9c9d76e6fa2f6b408b7fa549edd349a77639c9fe7a23ea93e61
  md5: fee5683a3f04bd15cbd8318b096a27ab
  depends:
  - fonts-conda-forge
  license: BSD-3-Clause
  license_family: BSD
  size: 3667
  timestamp: 1566974674465
- conda: https://conda.anaconda.org/conda-forge/noarch/fonts-conda-forge-1-hc364b38_1.conda
  sha256: 54eea8469786bc2291cc40bca5f46438d3e062a399e8f53f013b6a9f50e98333
  md5: a7970cd949a077b7cb9696379d338681
  depends:
  - font-ttf-ubuntu
  - font-ttf-inconsolata
  - font-ttf-dejavu-sans-mono
  - font-ttf-source-code-pro
  license: BSD-3-Clause
  license_family: BSD
  size: 4059
  timestamp: 1762351264405
- conda: https://conda.anaconda.org/conda-forge/win-64/gcc_impl_win-64-15.2.0-h062b9a2_19.conda
  sha256: 9a1087fc15253a923d6c4f3a313285b1ad7f5e8c849f24086bc0696b9383313b
  md5: 04354147d91b3ac936a4f410af5e1d0f
  depends:
  - binutils_impl_win-64 >=2.45
  - libgcc >=15.2.0
  - libgcc-devel_win-64 15.2.0 hbb59886_119
  - libgomp >=15.2.0
  - libstdcxx >=15.2.0
  - libstdcxx-devel_win-64 15.2.0 h0a72980_119
  - m2w64-sysroot_win-64
  license: GPL-3.0-only WITH GCC-exception-3.1
  license_family: GPL
  size: 62130152
  timestamp: 1778273122806
- conda: https://conda.anaconda.org/conda-forge/win-64/gfortran_impl_win-64-15.2.0-h0e079bb_19.conda
  sha256: 0204002c214622bb701e643723c4ea4fb4417e9a59415fac804747289dafb446
  md5: f87fbb8ca50927f218328fcc8767130d
  depends:
  - gcc_impl_win-64 >=15.2.0
  - libgcc >=15.2.0
  - libgfortran5 >=15.2.0
  - libstdcxx >=15.2.0
  - m2w64-sysroot_win-64
  license: GPL-3.0-only WITH GCC-exception-3.1
  license_family: GPL
  size: 17264590
  timestamp: 1778273342581
- conda: https://conda.anaconda.org/conda-forge/win-64/gsl-2.7-hdfb1a43_0.tar.bz2
  sha256: 4bb43ff81eca1631a3738dee073763cbff2d27a47ac3c60d7b7233941d7ab202
  md5: ca5c581b3659140455cf6ae00f6a2ea9
  depends:
  - libblas >=3.8.0,<4.0a0
  - libcblas >=3.8.0,<4.0a0
  - vc >=14.1,<15.0a0
  - vs2015_runtime >=14.16.27012
  license: GPL-3.0-or-later
  license_family: GPL
  size: 1739909
  timestamp: 1626371462874
- conda: https://conda.anaconda.org/conda-forge/win-64/gxx_impl_win-64-15.2.0-h22fd5bf_19.conda
  sha256: 2f3b16794653b12a4aebe9e8073f51dd5f8ff1c82b40585434d1a7f32ff0a558
  md5: 816b9049907b42a6a4ec655aebe67d3c
  depends:
  - gcc_impl_win-64 15.2.0 h062b9a2_19
  - libstdcxx-devel_win-64 15.2.0 h0a72980_119
  - m2w64-sysroot_win-64
  - tzdata
  license: GPL-3.0-only WITH GCC-exception-3.1
  license_family: GPL
  size: 14813951
  timestamp: 1778273408391
- conda: https://conda.anaconda.org/conda-forge/win-64/icu-78.3-h637d24d_0.conda
  sha256: 1bda728d70a619731b278c859eda364146cb5b4b8c739a64da8128353d81d1c4
  md5: 0097b24800cb696915c3dbd1f5335d3f
  depends:
  - ucrt >=10.0.20348.0
  - vc >=14.3,<15
  - vc14_runtime >=14.44.35208
  license: MIT
  license_family: MIT
  size: 14954024
  timestamp: 1773822508646
- conda: https://conda.anaconda.org/conda-forge/win-64/krb5-1.22.2-h0ea6238_0.conda
  sha256: eb60f1ad8b597bcf95dee11bc11fe71a8325bc1204cf51d2bb1f2120ffd77761
  md5: 4432f52dc0c8eb6a7a6abc00a037d93c
  depends:
  - openssl >=3.5.5,<4.0a0
  - ucrt >=10.0.20348.0
  - vc >=14.3,<15
  - vc14_runtime >=14.44.35208
  license: MIT
  license_family: MIT
  size: 751055
  timestamp: 1769769688841
- conda: https://conda.anaconda.org/conda-forge/win-64/ld_impl_win-64-2.45.1-default_hfd38196_102.conda
  sha256: 5256fe3ac465452a9702ca2b48adf47d1de905ed47d98fd5976ddb9c7a85619c
  md5: b0019a6e9267dd74b7efeefa970df76a
  depends:
  - zstd >=1.5.7,<1.6.0a0
  constrains:
  - binutils_impl_win-64 2.45.1
  license: GPL-3.0-only
  license_family: GPL
  size: 877159
  timestamp: 1774198058013
- conda: https://conda.anaconda.org/conda-forge/win-64/lerc-4.1.0-hd936e49_0.conda
  sha256: 45df58fca800b552b17c3914cc9ab0d55a82c5172d72b5c44a59c710c06c5473
  md5: 54b231d595bc1ff9bff668dd443ee012
  depends:
  - ucrt >=10.0.20348.0
  - vc >=14.3,<15
  - vc14_runtime >=14.44.35208
  license: Apache-2.0
  license_family: Apache
  size: 172395
  timestamp: 1773113455582
- conda: https://conda.anaconda.org/conda-forge/win-64/libblas-3.11.0-8_h8455456_mkl.conda
  build_number: 8
  sha256: 43a87b59e6d4c68d80b2e4de487b1b54d66fe1f9a06636909b5a5ab9eae27269
  md5: 4a0ce24b1a946ff77ae9eaa7ef015a33
  depends:
  - mkl >=2026.0.0,<2027.0a0
  constrains:
  - libcblas   3.11.0   8*_mkl
  - liblapacke 3.11.0   8*_mkl
  - blas 2.308   mkl
  - liblapack  3.11.0   8*_mkl
  license: BSD-3-Clause
  license_family: BSD
  size: 68103
  timestamp: 1779859688049
- conda: https://conda.anaconda.org/conda-forge/win-64/libcblas-3.11.0-8_h2a3cdd5_mkl.conda
  build_number: 8
  sha256: 2a5b6555b481df4603e44cba49a6ef727584fd2f3c5235dd4bcb3028fffbdfb5
  md5: 09f1d8e4d2675d34ad2acb115211d10c
  depends:
  - libblas 3.11.0 8_h8455456_mkl
  constrains:
  - liblapacke 3.11.0   8*_mkl
  - blas 2.308   mkl
  - liblapack  3.11.0   8*_mkl
  license: BSD-3-Clause
  license_family: BSD
  size: 68443
  timestamp: 1779859701498
- conda: https://conda.anaconda.org/conda-forge/win-64/libcurl-8.20.0-h8206538_0.conda
  sha256: f4ce5aa835a698532feaa368e804365a7e45a9edebe006a8e1c80505d893c24e
  md5: 7bee27a8f0a295117ccb864f30d2d87e
  depends:
  - krb5 >=1.22.2,<1.23.0a0
  - libssh2 >=1.11.1,<2.0a0
  - libzlib >=1.3.2,<2.0a0
  - ucrt >=10.0.20348.0
  - vc >=14.3,<15
  - vc14_runtime >=14.44.35208
  license: curl
  license_family: MIT
  size: 393114
  timestamp: 1777461635732
- conda: https://conda.anaconda.org/conda-forge/win-64/libdeflate-1.25-h51727cc_0.conda
  sha256: 834e4881a18b690d5ec36f44852facd38e13afe599e369be62d29bd675f107ee
  md5: e77030e67343e28b084fabd7db0ce43e
  depends:
  - ucrt >=10.0.20348.0
  - vc >=14.3,<15
  - vc14_runtime >=14.44.35208
  license: MIT
  license_family: MIT
  size: 156818
  timestamp: 1761979842440
- conda: https://conda.anaconda.org/conda-forge/win-64/libexpat-2.8.1-hac47afa_1.conda
  sha256: 1a54d874addda73b6f7164d5f3905821277a1831bcc05edd74b3085391688571
  md5: ccc490c81ffe14181861beac0e8f3169
  depends:
  - ucrt >=10.0.20348.0
  - vc >=14.3,<15
  - vc14_runtime >=14.44.35208
  constrains:
  - expat 2.8.1.*
  license: MIT
  license_family: MIT
  size: 71631
  timestamp: 1781203724164
- conda: https://conda.anaconda.org/conda-forge/win-64/libffi-3.5.2-h3d046cb_0.conda
  sha256: 59d01f2dfa8b77491b5888a5ab88ff4e1574c9359f7e229da254cdfe27ddc190
  md5: 720b39f5ec0610457b725eb3f396219a
  depends:
  - ucrt >=10.0.20348.0
  - vc >=14.3,<15
  - vc14_runtime >=14.44.35208
  license: MIT
  license_family: MIT
  size: 45831
  timestamp: 1769456418774
- conda: https://conda.anaconda.org/conda-forge/win-64/libfreetype-2.14.3-h57928b3_1.conda
  sha256: 035d0c67bf9f7a16f4a1764f420c120f1a995d071bb265fcc66ef688ef709d7b
  md5: e45b52fb9a81c9e2708465a706e05952
  depends:
  - libfreetype6 >=2.14.3
  license: GPL-2.0-only OR FTL
  size: 8711
  timestamp: 1780934891782
- conda: https://conda.anaconda.org/conda-forge/win-64/libfreetype6-2.14.3-hdbac1cb_1.conda
  sha256: 0bbd19c9f7c4d0232b31892e6a4d1f82b8d19d1b84d89725f1f491b336447758
  md5: 4e4d54f9f98383d977ba56ef39ebf46d
  depends:
  - libpng >=1.6.58,<1.7.0a0
  - libzlib >=1.3.2,<2.0a0
  - ucrt >=10.0.20348.0
  - vc >=14.3,<15
  - vc14_runtime >=14.44.35208
  constrains:
  - freetype >=2.14.3
  license: GPL-2.0-only OR FTL
  size: 340411
  timestamp: 1780934813224
- conda: https://conda.anaconda.org/conda-forge/win-64/libgcc-15.2.0-h8ee18e1_19.conda
  sha256: 80e80ef5e31b00b12539db3c5aaecde60dab91381abfc1060e323d5c3b016dce
  md5: cc5d690fc1c629038f13c68e88e65f44
  depends:
  - _openmp_mutex >=4.5
  - libwinpthread >=12.0.0.r4.gg4f2fc60ca
  constrains:
  - msys2-conda-epoch <0.0a0
  - libgcc-ng ==15.2.0=*_19
  - libgomp 15.2.0 h8ee18e1_19
  license: GPL-3.0-only WITH GCC-exception-3.1
  license_family: GPL
  size: 821854
  timestamp: 1778273037795
- conda: https://conda.anaconda.org/conda-forge/noarch/libgcc-devel_win-64-15.2.0-hbb59886_119.conda
  sha256: 5ea9053e6c903e1ebba35e478df14f9f0fd520ad9dadc944ca5697688d621e97
  md5: 8b4a82e71682c1de2b0839023d6e3133
  depends:
  - m2-conda-epoch
  license: GPL-3.0-only WITH GCC-exception-3.1
  license_family: GPL
  size: 2419170
  timestamp: 1778272969212
- conda: https://conda.anaconda.org/conda-forge/win-64/libgfortran-15.2.0-h719f0c7_19.conda
  sha256: c312a73e6f032898ab07d9ab5f1e9752ee5a8017acfa3fe8707b8ad67f703c4e
  md5: f92c61628b028b94ad20c3d09b1bcd6b
  depends:
  - libgfortran5 15.2.0 h44d81a7_19
  constrains:
  - libgfortran-ng ==15.2.0=*_19
  license: GPL-3.0-only WITH GCC-exception-3.1
  license_family: GPL
  size: 51402
  timestamp: 1778273257466
- conda: https://conda.anaconda.org/conda-forge/win-64/libgfortran5-15.2.0-h44d81a7_19.conda
  sha256: 5b094652485b6307bb8991a5f877d15c10a4f0c6b5698b041bb6e1bd408e01f4
  md5: 4849bc0fd45bcb95ce981c449e8cf7f4
  depends:
  - libgcc >=15.2.0
  - libwinpthread >=12.0.0.r4.gg4f2fc60ca
  constrains:
  - libgfortran 15.2.0
  license: GPL-3.0-only WITH GCC-exception-3.1
  license_family: GPL
  size: 2792696
  timestamp: 1778273047082
- conda: https://conda.anaconda.org/conda-forge/win-64/libglib-2.88.1-h7ce1215_2.conda
  sha256: f61277e224e9889c221bb2eac0f57d5aeeb82fc45d3dc326957d251c97444f7c
  md5: 5fb838786a8317ebb38056bbe236d3ff
  depends:
  - vc >=14.3,<15
  - vc14_runtime >=14.44.35208
  - ucrt >=10.0.20348.0
  - libiconv >=1.18,<2.0a0
  - libzlib >=1.3.2,<2.0a0
  - pcre2 >=10.47,<10.48.0a0
  - libintl >=0.22.5,<1.0a0
  - libffi >=3.5.2,<3.6.0a0
  constrains:
  - glib >2.66
  license: LGPL-2.1-or-later
  size: 4522891
  timestamp: 1778508851933
- conda: https://conda.anaconda.org/conda-forge/win-64/libgomp-15.2.0-h8ee18e1_19.conda
  sha256: 4dc958ced2fc7f42bc675b07e2c9abe3e150875ffdf62ca551d94fc6facf1fd7
  md5: f1147651e3fdd585e2f442c0c2fc8f2d
  depends:
  - libwinpthread >=12.0.0.r4.gg4f2fc60ca
  constrains:
  - msys2-conda-epoch <0.0a0
  license: GPL-3.0-only WITH GCC-exception-3.1
  license_family: GPL
  size: 664640
  timestamp: 1778272979661
- conda: https://conda.anaconda.org/conda-forge/win-64/libhwloc-2.13.0-default_h049141e_1000.conda
  sha256: 2ee12e37223dfcd0acd050c80a91150c482b6e2899198521e1800dce66662467
  md5: 6a01c986e30292c715038d2788aa1385
  depends:
  - libwinpthread >=12.0.0.r4.gg4f2fc60ca
  - libxml2
  - libxml2-16 >=2.14.6
  - ucrt >=10.0.20348.0
  - vc >=14.3,<15
  - vc14_runtime >=14.44.35208
  license: BSD-3-Clause
  license_family: BSD
  size: 2396128
  timestamp: 1770954127918
- conda: https://conda.anaconda.org/conda-forge/win-64/libiconv-1.18-hc1393d2_2.conda
  sha256: 0dcdb1a5f01863ac4e8ba006a8b0dc1a02d2221ec3319b5915a1863254d7efa7
  md5: 64571d1dd6cdcfa25d0664a5950fdaa2
  depends:
  - ucrt >=10.0.20348.0
  - vc >=14.3,<15
  - vc14_runtime >=14.44.35208
  license: LGPL-2.1-only
  size: 696926
  timestamp: 1754909290005
- conda: https://conda.anaconda.org/conda-forge/win-64/libintl-0.22.5-h5728263_3.conda
  sha256: c7e4600f28bcada8ea81456a6530c2329312519efcf0c886030ada38976b0511
  md5: 2cf0cf76cc15d360dfa2f17fd6cf9772
  depends:
  - libiconv >=1.17,<2.0a0
  license: LGPL-2.1-or-later
  size: 95568
  timestamp: 1723629479451
- conda: https://conda.anaconda.org/conda-forge/win-64/libjpeg-turbo-3.1.4.1-hfd05255_0.conda
  sha256: 698d57b5b90120270eaa401298319fcb25ea186ae95b340c2f4813ed9171083d
  md5: 25a127bad5470852b30b239f030ec95b
  depends:
  - ucrt >=10.0.20348.0
  - vc >=14.3,<15
  - vc14_runtime >=14.44.35208
  constrains:
  - jpeg <0.0.0a
  license: IJG AND BSD-3-Clause AND Zlib
  size: 842806
  timestamp: 1775962811457
- conda: https://conda.anaconda.org/conda-forge/win-64/liblapack-3.11.0-8_hf9ab0e9_mkl.conda
  build_number: 8
  sha256: 44999ed04bc0a56de44ee0ac8bd5b3702efd411a8b29491c0e3d3deb8619c94e
  md5: d584799b920ecae9b75a2b70743a3de7
  depends:
  - libblas 3.11.0 8_h8455456_mkl
  constrains:
  - libcblas   3.11.0   8*_mkl
  - liblapacke 3.11.0   8*_mkl
  - blas 2.308   mkl
  license: BSD-3-Clause
  license_family: BSD
  size: 81027
  timestamp: 1779859714698
- conda: https://conda.anaconda.org/conda-forge/win-64/liblzma-5.8.3-hfd05255_0.conda
  sha256: d636d1a25234063642f9c531a7bb58d84c1c496411280a36ea000bd122f078f1
  md5: 8f83619ab1588b98dd99c90b0bfc5c6d
  depends:
  - ucrt >=10.0.20348.0
  - vc >=14.3,<15
  - vc14_runtime >=14.44.35208
  constrains:
  - xz 5.8.3.*
  license: 0BSD
  size: 106486
  timestamp: 1775825663227
- conda: https://conda.anaconda.org/conda-forge/win-64/libpng-1.6.58-h7351971_0.conda
  sha256: 218913aeee391460bd0e341b834dbd9c6fa6ae0a4276c0c300266cc99a816a28
  md5: 52f1280563f3b48b5f75414cd2d15dd1
  depends:
  - vc >=14.3,<15
  - vc14_runtime >=14.44.35208
  - ucrt >=10.0.20348.0
  - libzlib >=1.3.2,<2.0a0
  license: zlib-acknowledgement
  size: 385227
  timestamp: 1776315248638
- conda: https://conda.anaconda.org/conda-forge/win-64/libssh2-1.11.1-h9aa295b_0.conda
  sha256: cbdf93898f2e27cefca5f3fe46519335d1fab25c4ea2a11b11502ff63e602c09
  md5: 9dce2f112bfd3400f4f432b3d0ac07b2
  depends:
  - libzlib >=1.3.1,<2.0a0
  - openssl >=3.5.0,<4.0a0
  - ucrt >=10.0.20348.0
  - vc >=14.2,<15
  - vc14_runtime >=14.29.30139
  license: BSD-3-Clause
  license_family: BSD
  size: 292785
  timestamp: 1745608759342
- conda: https://conda.anaconda.org/conda-forge/win-64/libstdcxx-15.2.0-hae5796f_19.conda
  sha256: 39e3ccf4fa64e24196e57ca34387bdd8f7c749bf3beab1a849244e6923c288d2
  md5: fff457de671788d3df3d5cb246caec3e
  depends:
  - libgcc 15.2.0 h8ee18e1_19
  - libwinpthread >=12.0.0.r4.gg4f2fc60ca
  constrains:
  - libstdcxx-ng ==15.2.0=*_19
  license: GPL-3.0-only WITH GCC-exception-3.1
  license_family: GPL
  size: 6461114
  timestamp: 1778273060138
- conda: https://conda.anaconda.org/conda-forge/noarch/libstdcxx-devel_win-64-15.2.0-h0a72980_119.conda
  sha256: deea115b736d7fe4acbf15c928fc26def84e30211f09a7aac6bed9940862b6e6
  md5: 928d9a3adb00850a4b5a888683c29465
  depends:
  - m2-conda-epoch
  license: GPL-3.0-only WITH GCC-exception-3.1
  license_family: GPL
  size: 11634599
  timestamp: 1778272991364
- conda: https://conda.anaconda.org/conda-forge/win-64/libtiff-4.7.1-h8f73337_1.conda
  sha256: f1b8cccaaeea38a28b9cd496694b2e3d372bb5be0e9377c9e3d14b330d1cba8a
  md5: 549845d5133100142452812feb9ba2e8
  depends:
  - lerc >=4.0.0,<5.0a0
  - libdeflate >=1.25,<1.26.0a0
  - libjpeg-turbo >=3.1.0,<4.0a0
  - liblzma >=5.8.1,<6.0a0
  - libzlib >=1.3.1,<2.0a0
  - ucrt >=10.0.20348.0
  - vc >=14.3,<15
  - vc14_runtime >=14.44.35208
  - zstd >=1.5.7,<1.6.0a0
  license: HPND
  size: 993166
  timestamp: 1762022118895
- conda: https://conda.anaconda.org/conda-forge/win-64/libwinpthread-12.0.0.r4.gg4f2fc60ca-h57928b3_10.conda
  sha256: 0fccf2d17026255b6e10ace1f191d0a2a18f2d65088fd02430be17c701f8ffe0
  md5: 8a86073cf3b343b87d03f41790d8b4e5
  depends:
  - ucrt
  constrains:
  - pthreads-win32 <0.0a0
  - msys2-conda-epoch <0.0a0
  license: MIT AND BSD-3-Clause-Clear
  size: 36621
  timestamp: 1759768399557
- conda: https://conda.anaconda.org/conda-forge/win-64/libxml2-2.15.3-h8ef44ab_0.conda
  sha256: a4599c6bbbbdd7db570896e520c557eec8e66d94e839a59d17dc1f24a3d5f82b
  md5: 95591ca5671d2213f5b2d5aa7818420d
  depends:
  - icu >=78.3,<79.0a0
  - libiconv >=1.18,<2.0a0
  - liblzma >=5.8.3,<6.0a0
  - libxml2-16 2.15.3 h3cfd58e_0
  - libzlib >=1.3.2,<2.0a0
  - ucrt >=10.0.20348.0
  - vc >=14.3,<15
  - vc14_runtime >=14.44.35208
  license: MIT
  license_family: MIT
  size: 43684
  timestamp: 1776376992865
- conda: https://conda.anaconda.org/conda-forge/win-64/libxml2-16-2.15.3-h3cfd58e_0.conda
  sha256: 3b61ee3caba702d2ff432fa3920835db963026e5c99c4e6fdca0c6114f59e7ce
  md5: 9e8dd0d90ed830107b2c36801035b7db
  depends:
  - icu >=78.3,<79.0a0
  - libiconv >=1.18,<2.0a0
  - liblzma >=5.8.3,<6.0a0
  - libzlib >=1.3.2,<2.0a0
  - ucrt >=10.0.20348.0
  - vc >=14.3,<15
  - vc14_runtime >=14.44.35208
  constrains:
  - libxml2 2.15.3
  license: MIT
  license_family: MIT
  size: 519871
  timestamp: 1776376969852
- conda: https://conda.anaconda.org/conda-forge/win-64/libzlib-1.3.2-hfd05255_2.conda
  sha256: 88609816e0cc7452bac637aaf65783e5edf4fee8a9f8e22bdc3a75882c536061
  md5: dbabbd6234dea34040e631f87676292f
  depends:
  - ucrt >=10.0.20348.0
  - vc >=14.3,<15
  - vc14_runtime >=14.44.35208
  constrains:
  - zlib 1.3.2 *_2
  license: Zlib
  license_family: Other
  size: 58347
  timestamp: 1774072851498
- conda: https://conda.anaconda.org/conda-forge/win-64/llvm-openmp-22.1.7-h4fa8253_0.conda
  sha256: 70140a1fa5d7cb801c6be3273b0704b5f0e418e2fff6b12b8ce9db13067a1ed5
  md5: 0ca3373049a5be11689bc2f9b2f3a9d2
  depends:
  - ucrt >=10.0.20348.0
  - vc >=14.3,<15
  - vc14_runtime >=14.44.35208
  constrains:
  - intel-openmp <0.0a0
  - openmp 22.1.7|22.1.7.*
  license: Apache-2.0 WITH LLVM-exception
  license_family: APACHE
  size: 347536
  timestamp: 1780456277495
- conda: https://conda.anaconda.org/conda-forge/win-64/m2-conda-epoch-20250515-0_x86_64.conda
  build_number: 0
  sha256: 51e9214548f177db9c3fe70424e3774c95bf19cd69e0e56e83abe2e393228ba1
  md5: 7d60fb16df2cd07fbc3dbff1c9df4244
  constrains:
  - msys2-conda-epoch <0.0a0
  license: BSD-3-Clause
  license_family: BSD
  size: 7539
  timestamp: 1747330852019
- conda: https://conda.anaconda.org/conda-forge/noarch/m2w64-sysroot_win-64-12.0.0.r4.gg4f2fc60ca-hd8ed1ab_10.conda
  sha256: fb0ffe6b3c25189038c29abbd1fac2522d87fe2775a09e5f5088e5542dc3309b
  md5: 9676d2a30fa3ffa4e5350041d0993758
  depends:
  - m2-conda-epoch
  - mingw-w64-ucrt-x86_64-crt-git 12.0.0.r4.gg4f2fc60ca hd8ed1ab_10
  - mingw-w64-ucrt-x86_64-headers-git 12.0.0.r4.gg4f2fc60ca hd8ed1ab_10
  - mingw-w64-ucrt-x86_64-windows-default-manifest
  - mingw-w64-ucrt-x86_64-winpthreads-git 12.0.0.r4.gg4f2fc60ca hd8ed1ab_10
  - ucrt
  size: 8421
  timestamp: 1759768559974
- conda: https://conda.anaconda.org/conda-forge/noarch/mingw-w64-ucrt-x86_64-crt-git-12.0.0.r4.gg4f2fc60ca-hd8ed1ab_10.conda
  sha256: de3e42149b498c16bfb485b7729f4ca0fe392be576a2a10ff702d661799b1df3
  md5: 44ffa6d68699ec9321f6d48d75bdc726
  depends:
  - m2-conda-epoch
  - mingw-w64-ucrt-x86_64-headers-git 12.0.0.r4.gg4f2fc60ca hd8ed1ab_10
  constrains:
  - mingw-w64-ucrt-x86_64-winpthreads-git 12.0.0.r4.gg4f2fc60ca.*
  license: ZPL-2.1
  size: 5663635
  timestamp: 1759768458961
- conda: https://conda.anaconda.org/conda-forge/noarch/mingw-w64-ucrt-x86_64-headers-git-12.0.0.r4.gg4f2fc60ca-hd8ed1ab_10.conda
  sha256: 1add86481f35163215e7076e6f06f22aa9f1f9345a5fff5cb07bc846c13fbec7
  md5: cab7b807024204893ef5bb1860d91408
  depends:
  - m2-conda-epoch
  constrains:
  - mingw-w64-ucrt-x86_64-crt-git 12.0.0.r4.gg4f2fc60ca.*
  - mingw-w64-ucrt-x86_64-winpthreads-git 12.0.0.r4.gg4f2fc60ca.*
  license: ZPL-2.1 AND LGPL-2.1-or-later
  size: 7089846
  timestamp: 1759768412123
- conda: https://conda.anaconda.org/conda-forge/noarch/mingw-w64-ucrt-x86_64-windows-default-manifest-6.4-he206cdd_7.conda
  sha256: 5b0df4e0ba8487ffd59f60c34c5dbb9e001ecd2c5d2c66ba88eada40bfa3ecb8
  md5: 1d6b5c96d7e3cce773519d7d1a4482f0
  depends:
  - __win
  constrains:
  - m2w64-sysroot_win-64 >=12.0.0.r0
  license: FSFAP
  size: 7412
  timestamp: 1717486007140
- conda: https://conda.anaconda.org/conda-forge/noarch/mingw-w64-ucrt-x86_64-winpthreads-git-12.0.0.r4.gg4f2fc60ca-hd8ed1ab_10.conda
  sha256: 828abb111286940473c4c665fc8ab300d28920f5af83b32295e8bf2256a8f342
  md5: ba0eeff6a5c62b83c771bb392e22dbb4
  depends:
  - m2-conda-epoch
  - mingw-w64-ucrt-x86_64-headers-git 12.0.0.r4.gg4f2fc60ca hd8ed1ab_10
  constrains:
  - mingw-w64-ucrt-x86_64-crt-git 12.0.0.r4.gg4f2fc60ca.*
  license: MIT AND BSD-3-Clause-Clear
  size: 123916
  timestamp: 1759768539535
- conda: https://conda.anaconda.org/conda-forge/win-64/mkl-2026.0.0-hac47afa_908.conda
  sha256: f997bfc9bc4d4e14261cdcd1ad195d64a72ee44dca3145d24c1349f8d1311aa5
  md5: 36ea6e1292e9d5e89374201da79646ef
  depends:
  - llvm-openmp >=22.1.5
  - onemkl-license 2026.0.0 h57928b3_908
  - tbb >=2023.0.0
  - ucrt >=10.0.20348.0
  - vc >=14.3,<15
  - vc14_runtime >=14.44.35208
  license: LicenseRef-IntelSimplifiedSoftwareOct2022
  license_family: Proprietary
  size: 114354729
  timestamp: 1779293121860
- conda: https://conda.anaconda.org/conda-forge/win-64/onemkl-license-2026.0.0-h57928b3_908.conda
  sha256: 42ad15cbb3bf31830efa04d4b86dd2d5c0dd590c86f98adcd3c8c1f75acf5dd5
  md5: 9c9303e08b50e09f5c23e1dac99d0936
  license: LicenseRef-IntelSimplifiedSoftwareOct2022
  license_family: Proprietary
  size: 41580
  timestamp: 1779292867015
- conda: https://conda.anaconda.org/conda-forge/win-64/openssl-3.6.3-hf411b9b_0.conda
  sha256: cb6e7ba0d010ee0d3249ce9886de3d7613d26d9965d4c95666fa66b9c4c31001
  md5: e99f95734a326c0fd4d02bbd995150d4
  depends:
  - ca-certificates
  - ucrt >=10.0.20348.0
  - vc >=14.3,<15
  - vc14_runtime >=14.44.35208
  license: Apache-2.0
  license_family: Apache
  size: 9414790
  timestamp: 1781071745579
- conda: https://conda.anaconda.org/conda-forge/win-64/pcre2-10.47-hd2b5f0e_0.conda
  sha256: 3e9e02174edf02cb4bcdd75668ad7b74b8061791a3bc8bdb8a52ae336761ba3e
  md5: 77eaf2336f3ae749e712f63e36b0f0a1
  depends:
  - bzip2 >=1.0.8,<2.0a0
  - libzlib >=1.3.1,<2.0a0
  - ucrt >=10.0.20348.0
  - vc >=14.3,<15
  - vc14_runtime >=14.44.35208
  license: BSD-3-Clause
  license_family: BSD
  size: 995992
  timestamp: 1763655708300
- conda: https://conda.anaconda.org/conda-forge/win-64/pixman-0.46.4-h5112557_1.conda
  sha256: 246fce4706b3f8b247a7d6142ba8d732c95263d3c96e212b9d63d6a4ab4aff35
  md5: 08c8fa3b419df480d985e304f7884d35
  depends:
  - vc >=14.3,<15
  - vc14_runtime >=14.44.35208
  - ucrt >=10.0.20348.0
  - vc >=14.3,<15
  - vc14_runtime >=14.44.35208
  - ucrt >=10.0.20348.0
  license: MIT
  license_family: MIT
  size: 542795
  timestamp: 1754665193489
- conda: https://conda.anaconda.org/conda-forge/win-64/r-base-4.6.0-h91b09f7_1.conda
  sha256: 95bee7555af9a36f1d980d41e4f328afe21c465b9b3bcdba6d7901afb9d769e1
  md5: 4635b5d767475618cf75a76a979d051d
  depends:
  - _r-mutex 1.* anacondar_1
  - bwidget
  - bzip2 >=1.0.8,<2.0a0
  - cairo >=1.18.4,<2.0a0
  - curl
  - fontconfig >=2.18.1,<3.0a0
  - fonts-conda-ecosystem
  - gcc_impl_win-64 >=14
  - gfortran_impl_win-64
  - gsl >=2.7,<2.8.0a0
  - gxx_impl_win-64 >=14
  - icu >=78.3,<79.0a0
  - libblas >=3.9.0,<4.0a0
  - libcurl >=8.20.0,<9.0a0
  - libdeflate >=1.25,<1.26.0a0
  - libgcc >=14
  - libgfortran
  - libgfortran5 >=14.3.0
  - libiconv >=1.18,<2.0a0
  - libjpeg-turbo >=3.1.4.1,<4.0a0
  - liblapack >=3.9.0,<4.0a0
  - liblzma >=5.8.3,<6.0a0
  - libpng >=1.6.58,<1.7.0a0
  - libstdcxx >=14
  - libtiff >=4.7.1,<4.8.0a0
  - libwinpthread >=12.0.0.r4.gg4f2fc60ca
  - libzlib >=1.3.2,<2.0a0
  - pcre2 >=10.47,<10.48.0a0
  - tk >=8.6.13,<8.7.0a0
  - tktable
  - tzdata >=2024a
  - ucrt >=10.0.20348.0
  license: GPL-2.0-or-later
  license_family: GPL
  size: 40121187
  timestamp: 1781029928580
- conda: https://conda.anaconda.org/conda-forge/win-64/tbb-2023.0.0-hd3d4ead_2.conda
  sha256: 8a4053839b8e997a5965e2dff7d6cf3c77be62d82c0e48c8a04a5ed2d2e73035
  md5: 8ee01a693aecff5432069eaaf1183c45
  depends:
  - libhwloc >=2.13.0,<2.13.1.0a0
  - ucrt >=10.0.20348.0
  - vc >=14.3,<15
  - vc14_runtime >=14.44.35208
  license: Apache-2.0
  license_family: APACHE
  size: 156515
  timestamp: 1778673901757
- conda: https://conda.anaconda.org/conda-forge/win-64/tk-8.6.13-h6ed50ae_3.conda
  sha256: 0e79810fae28f3b69fe7391b0d43f5474d6bd91d451d5f2bde02f55ae481d5e3
  md5: 0481bfd9814bf525bd4b3ee4b51494c4
  depends:
  - ucrt >=10.0.20348.0
  - vc >=14.3,<15
  - vc14_runtime >=14.44.35208
  license: TCL
  license_family: BSD
  size: 3526350
  timestamp: 1769460339384
- conda: https://conda.anaconda.org/conda-forge/win-64/tktable-2.10-h2df95b8_8.conda
  sha256: c4d1e3bca4fcd09fc79d1d5c0183026bd72cfbc5577ecb8c633c2101b3638f83
  md5: 1f55e334e0eaa7ddac119e17dc6ea234
  depends:
  - tk
  - vc >=14.3,<15
  - vc14_runtime >=14.44.35208
  - ucrt >=10.0.20348.0
  - tk >=8.6.13,<8.7.0a0
  license: TCL
  size: 145028
  timestamp: 1773732791952
- conda: https://conda.anaconda.org/conda-forge/noarch/tzdata-2025c-hc9c84f9_1.conda
  sha256: 1d30098909076af33a35017eed6f2953af1c769e273a0626a04722ac4acaba3c
  md5: ad659d0a2b3e47e38d829aa8cad2d610
  license: LicenseRef-Public-Domain
  size: 119135
  timestamp: 1767016325805
- conda: https://conda.anaconda.org/conda-forge/win-64/ucrt-10.0.26100.0-h57928b3_0.conda
  sha256: 3005729dce6f3d3f5ec91dfc49fc75a0095f9cd23bab49efb899657297ac91a5
  md5: 71b24316859acd00bdb8b38f5e2ce328
  constrains:
  - vc14_runtime >=14.29.30037
  - vs2015_runtime >=14.29.30037
  license: LicenseRef-MicrosoftWindowsSDK10
  size: 694692
  timestamp: 1756385147981
- conda: https://conda.anaconda.org/conda-forge/win-64/vc-14.5-h1b7c187_39.conda
  sha256: 17693b60cb54f80c60275f003f3bfc1b128af56dbfd65c4fae37c64eeb755ce1
  md5: 2eacea63f545b97342da520df6854276
  depends:
  - vc14_runtime >=14.51.36231
  track_features:
  - vc14
  license: BSD-3-Clause
  license_family: BSD
  size: 20362
  timestamp: 1781320968457
- conda: https://conda.anaconda.org/conda-forge/win-64/vc14_runtime-14.51.36231-h1b9f54f_39.conda
  sha256: 8153ed849c92e891eacac0f2f8d7ecb79f9b5fd7f7917fbb896f252a60a40390
  md5: 06a5bf5a1ca16cce0df6eaa91fc42bc2
  depends:
  - ucrt >=10.0.20348.0
  - vcomp14 14.51.36231 h1b9f54f_39
  constrains:
  - vs2015_runtime 14.51.36231.* *_39
  license: LicenseRef-MicrosoftVisualCpp2015-2022Runtime
  license_family: Proprietary
  size: 737434
  timestamp: 1781320964561
- conda: https://conda.anaconda.org/conda-forge/win-64/vcomp14-14.51.36231-h1b9f54f_39.conda
  sha256: 07fb14713c4bc62e2533a2e23a363abfb0e65650681fba0ae4c840e2219350f3
  md5: 8b53a83fda40ec679e4d63fa32fae989
  depends:
  - ucrt >=10.0.20348.0
  constrains:
  - vs2015_runtime 14.51.36231.* *_39
  license: LicenseRef-MicrosoftVisualCpp2015-2022Runtime
  license_family: Proprietary
  size: 120684
  timestamp: 1781320948530
- conda: https://conda.anaconda.org/conda-forge/win-64/vs2015_runtime-14.51.36231-h84cd919_39.conda
  sha256: 6de6c2cf008fc2dce61060b583f2d8494c83883106952b201381b6b0505f03d7
  md5: 2ccc63d7b7d066a814ed9f99072832d7
  depends:
  - vc14_runtime >=14.51.36231
  license: BSD-3-Clause
  license_family: BSD
  size: 20355
  timestamp: 1781320968804
- conda: https://conda.anaconda.org/conda-forge/win-64/zstd-1.5.7-h534d264_6.conda
  sha256: 368d8628424966fd8f9c8018326a9c779e06913dd39e646cf331226acc90e5b2
  md5: 053b84beec00b71ea8ff7a4f84b55207
  depends:
  - vc >=14.3,<15
  - vc14_runtime >=14.44.35208
  - ucrt >=10.0.20348.0
  - libzlib >=1.3.1,<2.0a0
  license: BSD-3-Clause
  license_family: BSD
  size: 388453
  timestamp: 1764777142545
